
Microsoft Visual Studio Solution File, Format Version 12.00
# Visual Studio 15
VisualStudioVersion = 15.0.27428.2015
MinimumVisualStudioVersion = 10.0.40219.1
Project("{FAE04EC0-301F-11D3-BF4B-00C04F79EFBC}") = "Registration", "Registration\Registration.csproj", "{B29ACEEC-9DD2-404A-B3B9-666B7360096D}"
EndProject
Global
	GlobalSection(SolutionConfigurationPlatforms) = preSolution
		Debug|Any CPU = Debug|Any CPU
		Release|Any CPU = Release|Any CPU
	EndGlobalSection
	GlobalSection(ProjectConfigurationPlatforms) = postSolution
		{B29ACEEC-9DD2-404A-B3B9-666B7360096D}.Debug|Any CPU.ActiveCfg = Debug|Any CPU
		{B29ACEEC-9DD2-404A-B3B9-666B7360096D}.Debug|Any CPU.Build.0 = Debug|Any CPU
		{B29ACEEC-9DD2-404A-B3B9-666B7360096D}.Release|Any CPU.ActiveCfg = Release|Any CPU
		{B29ACEEC-9DD2-404A-B3B9-666B7360096D}.Release|Any CPU.Build.0 = Release|Any CPU
	EndGlobalSection
	GlobalSection(SolutionProperties) = preSolution
		HideSolutionNode = FALSE
	EndGlobalSection
	GlobalSection(ExtensibilityGlobals) = postSolution
		SolutionGuid = {3B871096-BE51-4AB3-B6E6-AADF1ECD6BE8}
	EndGlobalSection
EndGlobal
